// !$*UTF8*$!
{
	archiveVersion = 1;
	classes = {
	};
	objectVersion = 77;
	objects = {

/* Begin PBXContainerItemProxy section */
		EC532A362E2DF68F0019BF18 /* PBXContainerItemProxy */ = {
			isa = PBXContainerItemProxy;
			containerPortal = EC532A172E2DF68E0019BF18 /* Project object */;
			proxyType = 1;
			remoteGlobalIDString = EC532A1E2E2DF68E0019BF18;
			remoteInfo = tabBar;
		};
		EC532A402E2DF68F0019BF18 /* PBXContainerItemProxy */ = {
			isa = PBXContainerItemProxy;
			containerPortal = EC532A172E2DF68E0019BF18 /* Project object */;
			proxyType = 1;
			remoteGlobalIDString = EC532A1E2E2DF68E0019BF18;
			remoteInfo = tabBar;
		};
/* End PBXContainerItemProxy section */

/* Begin PBXFileReference section */
		EC532A1F2E2DF68E0019BF18 /* tabBar.app */ = {isa = PBXFileReference; explicitFileType = wrapper.application; includeInIndex = 0; path = tabBar.app; sourceTree = BUILT_PRODUCTS_DIR; };
		EC532A352E2DF68F0019BF18 /* tabBarTests.xctest */ = {isa = PBXFileReference; explicitFileType = wrapper.cfbundle; includeInIndex = 0; path = tabBarTests.xctest; sourceTree = BUILT_PRODUCTS_DIR; };
		EC532A3F2E2DF68F0019BF18 /* tabBarUITests.xctest */ = {isa = PBXFileReference; explicitFileType = wrapper.cfbundle; includeInIndex = 0; path = tabBarUITests.xctest; sourceTree = BUILT_PRODUCTS_DIR; };
/* End PBXFileReference section */

/* Begin PBXFileSystemSynchronizedBuildFileExceptionSet section */
		EC532A472E2DF68F0019BF18 /* Exceptions for "tabBar" folder in "tabBar" target */ = {
			isa = PBXFileSystemSynchronizedBuildFileExceptionSet;
			membershipExceptions = (
				Info.plist,
			);
			target = EC532A1E2E2DF68E0019BF18 /* tabBar */;
		};
/* End PBXFileSystemSynchronizedBuildFileExceptionSet section */

/* Begin PBXFileSystemSynchronizedRootGroup section */
		EC532A212E2DF68E0019BF18 /* tabBar */ = {
			isa = PBXFileSystemSynchronizedRootGroup;
			exceptions = (
				EC532A472E2DF68F0019BF18 /* Exceptions for "tabBar" folder in "tabBar" target */,
			);
			path = tabBar;
			sourceTree = "<group>";
		};
		EC532A382E2DF68F0019BF18 /* tabBarTests */ = {
			isa = PBXFileSystemSynchronizedRootGroup;
			path = tabBarTests;
			sourceTree = "<group>";
		};
		EC532A422E2DF68F0019BF18 /* tabBarUITests */ = {
			isa = PBXFileSystemSynchronizedRootGroup;
			path = tabBarUITests;
			sourceTree = "<group>";
		};
/* End PBXFileSystemSynchronizedRootGroup section */

/* Begin PBXFrameworksBuildPhase section */
		EC532A1C2E2DF68E0019BF18 /* Frameworks */ = {
			isa = PBXFrameworksBuildPhase;
			buildActionMask = 2147483647;
			files = (
			);
			runOnlyForDeploymentPostprocessing = 0;
		};
		EC532A322E2DF68F0019BF18 /* Frameworks */ = {
			isa = PBXFrameworksBuildPhase;
			buildActionMask = 2147483647;
			files = (
			);
			runOnlyForDeploymentPostprocessing = 0;
		};
		EC532A3C2E2DF68F0019BF18 /* Frameworks */ = {
			isa = PBXFrameworksBuildPhase;
			buildActionMask = 2147483647;
			files = (
			);
			runOnlyForDeploymentPostprocessing = 0;
		};
/* End PBXFrameworksBuildPhase section */

/* Begin PBXGroup section */
		EC532A162E2DF68E0019BF18 = {
			isa = PBXGroup;
			children = (
				EC532A212E2DF68E0019BF18 /* tabBar */,
				EC532A382E2DF68F0019BF18 /* tabBarTests */,
				EC532A422E2DF68F0019BF18 /* tabBarUITests */,
				EC532A202E2DF68E0019BF18 /* Products */,
			);
			sourceTree = "<group>";
		};
		EC532A202E2DF68E0019BF18 /* Products */ = {
			isa = PBXGroup;
			children = (
				EC532A1F2E2DF68E0019BF18 /* tabBar.app */,
				EC532A352E2DF68F0019BF18 /* tabBarTests.xctest */,
				EC532A3F2E2DF68F0019BF18 /* tabBarUITests.xctest */,
			);
			name = Products;
			sourceTree = "<group>";
		};
/* End PBXGroup section */

/* Begin PBXNativeTarget section */
		EC532A1E2E2DF68E0019BF18 /* tabBar */ = {
			isa = PBXNativeTarget;
			buildConfigurationList = EC532A482E2DF68F0019BF18 /* Build configuration list for PBXNativeTarget "tabBar" */;
			buildPhases = (
				EC532A1B2E2DF68E0019BF18 /* Sources */,
				EC532A1C2E2DF68E0019BF18 /* Frameworks */,
				EC532A1D2E2DF68E0019BF18 /* Resources */,
			);
			buildRules = (
			);
			dependencies = (
			);
			fileSystemSynchronizedGroups = (
				EC532A212E2DF68E0019BF18 /* tabBar */,
			);
			name = tabBar;
			packageProductDependencies = (
			);
			productName = tabBar;
			productReference = EC532A1F2E2DF68E0019BF18 /* tabBar.app */;
			productType = "com.apple.product-type.application";
		};
		EC532A342E2DF68F0019BF18 /* tabBarTests */ = {
			isa = PBXNativeTarget;
			buildConfigurationList = EC532A4D2E2DF68F0019BF18 /* Build configuration list for PBXNativeTarget "tabBarTests" */;
			buildPhases = (
				EC532A312E2DF68F0019BF18 /* Sources */,
				EC532A322E2DF68F0019BF18 /* Frameworks */,
				EC532A332E2DF68F0019BF18 /* Resources */,
			);
			buildRules = (
			);
			dependencies = (
				EC532A372E2DF68F0019BF18 /* PBXTargetDependency */,
			);
			fileSystemSynchronizedGroups = (
				EC532A382E2DF68F0019BF18 /* tabBarTests */,
			);
			name = tabBarTests;
			packageProductDependencies = (
			);
			productName = tabBarTests;
			productReference = EC532A352E2DF68F0019BF18 /* tabBarTests.xctest */;
			productType = "com.apple.product-type.bundle.unit-test";
		};
		EC532A3E2E2DF68F0019BF18 /* tabBarUITests */ = {
			isa = PBXNativeTarget;
			buildConfigurationList = EC532A502E2DF68F0019BF18 /* Build configuration list for PBXNativeTarget "tabBarUITests" */;
			buildPhases = (
				EC532A3B2E2DF68F0019BF18 /* Sources */,
				EC532A3C2E2DF68F0019BF18 /* Frameworks */,
				EC532A3D2E2DF68F0019BF18 /* Resources */,
			);
			buildRules = (
			);
			dependencies = (
				EC532A412E2DF68F0019BF18 /* PBXTargetDependency */,
			);
			fileSystemSynchronizedGroups = (
				EC532A422E2DF68F0019BF18 /* tabBarUITests */,
			);
			name = tabBarUITests;
			packageProductDependencies = (
			);
			productName = tabBarUITests;
			productReference = EC532A3F2E2DF68F0019BF18 /* tabBarUITests.xctest */;
			productType = "com.apple.product-type.bundle.ui-testing";
		};
/* End PBXNativeTarget section */

/* Begin PBXProject section */
		EC532A172E2DF68E0019BF18 /* Project object */ = {
			isa = PBXProject;
			attributes = {
				BuildIndependentTargetsInParallel = 1;
				LastSwiftUpdateCheck = 1640;
				LastUpgradeCheck = 1640;
				TargetAttributes = {
					EC532A1E2E2DF68E0019BF18 = {
						CreatedOnToolsVersion = 16.4;
					};
					EC532A342E2DF68F0019BF18 = {
						CreatedOnToolsVersion = 16.4;
						TestTargetID = EC532A1E2E2DF68E0019BF18;
					};
					EC532A3E2E2DF68F0019BF18 = {
						CreatedOnToolsVersion = 16.4;
						TestTargetID = EC532A1E2E2DF68E0019BF18;
					};
				};
			};
			buildConfigurationList = EC532A1A2E2DF68E0019BF18 /* Build configuration list for PBXProject "tabBar" */;
			developmentRegion = en;
			hasScannedForEncodings = 0;
			knownRegions = (
				en,
				Base,
			);
			mainGroup = EC532A162E2DF68E0019BF18;
			minimizedProjectReferenceProxies = 1;
			preferredProjectObjectVersion = 77;
			productRefGroup = EC532A202E2DF68E0019BF18 /* Products */;
			projectDirPath = "";
			projectRoot = "";
			targets = (
				EC532A1E2E2DF68E0019BF18 /* tabBar */,
				EC532A342E2DF68F0019BF18 /* tabBarTests */,
				EC532A3E2E2DF68F0019BF18 /* tabBarUITests */,
			);
		};
/* End PBXProject section */

/* Begin PBXResourcesBuildPhase section */
		EC532A1D2E2DF68E0019BF18 /* Resources */ = {
			isa = PBXResourcesBuildPhase;
			buildActionMask = 2147483647;
			files = (
			);
			runOnlyForDeploymentPostprocessing = 0;
		};
		EC532A332E2DF68F0019BF18 /* Resources */ = {
			isa = PBXResourcesBuildPhase;
			buildActionMask = 2147483647;
			files = (
			);
			runOnlyForDeploymentPostprocessing = 0;
		};
		EC532A3D2E2DF68F0019BF18 /* Resources */ = {
			isa = PBXResourcesBuildPhase;
			buildActionMask = 2147483647;
			files = (
			);
			runOnlyForDeploymentPostprocessing = 0;
		};
/* End PBXResourcesBuildPhase section */

/* Begin PBXSourcesBuildPhase section */
		EC532A1B2E2DF68E0019BF18 /* Sources */ = {
			isa = PBXSourcesBuildPhase;
			buildActionMask = 2147483647;
			files = (
			);
			runOnlyForDeploymentPostprocessing = 0;
		};
		EC532A312E2DF68F0019BF18 /* Sources */ = {
			isa = PBXSourcesBuildPhase;
			buildActionMask = 2147483647;
			files = (
			);
			runOnlyForDeploymentPostprocessing = 0;
		};
		EC532A3B2E2DF68F0019BF18 /* Sources */ = {
			isa = PBXSourcesBuildPhase;
			buildActionMask = 2147483647;
			files = (
			);
			runOnlyForDeploymentPostprocessing = 0;
		};
/* End PBXSourcesBuildPhase section */

/* Begin PBXTargetDependency section */
		EC532A372E2DF68F0019BF18 /* PBXTargetDependency */ = {
			isa = PBXTargetDependency;
			target = EC532A1E2E2DF68E0019BF18 /* tabBar */;
			targetProxy = EC532A362E2DF68F0019BF18 /* PBXContainerItemProxy */;
		};
		EC532A412E2DF68F0019BF18 /* PBXTargetDependency */ = {
			isa = PBXTargetDependency;
			target = EC532A1E2E2DF68E0019BF18 /* tabBar */;
			targetProxy = EC532A402E2DF68F0019BF18 /* PBXContainerItemProxy */;
		};
/* End PBXTargetDependency section */

/* Begin XCBuildConfiguration section */
		EC532A492E2DF68F0019BF18 /* Debug */ = {
			isa = XCBuildConfiguration;
			buildSettings = {
				ASSETCATALOG_COMPILER_APPICON_NAME = AppIcon;
				ASSETCATALOG_COMPILER_GLOBAL_ACCENT_COLOR_NAME = AccentColor;
				CODE_SIGN_STYLE = Automatic;
				CURRENT_PROJECT_VERSION = 1;
				GENERATE_INFOPLIST_FILE = YES;
				INFOPLIST_FILE = tabBar/Info.plist;
				INFOPLIST_KEY_UIApplicationSupportsIndirectInputEvents = YES;
				INFOPLIST_KEY_UILaunchStoryboardName = LaunchScreen;
				INFOPLIST_KEY_UIMainStoryboardFile = Main;
				INFOPLIST_KEY_UISupportedInterfaceOrientations_iPad = "UIInterfaceOrientationPortrait UIInterfaceOrientationPortraitUpsideDown UIInterfaceOrientationLandscapeLeft UIInterfaceOrientationLandscapeRight";
				INFOPLIST_KEY_UISupportedInterfaceOrientations_iPhone = "UIInterfaceOrientationPortrait UIInterfaceOrientationLandscapeLeft UIInterfaceOrientationLandscapeRight";
				LD_RUNPATH_SEARCH_PATHS = (
					"$(inherited)",
					"@executable_path/Frameworks",
				);
				MARKETING_VERSION = 1.0;
				PRODUCT_BUNDLE_IDENTIFIER = gurleen.tabBar;
				PRODUCT_NAME = "$(TARGET_NAME)";
				SWIFT_EMIT_LOC_STRINGS = YES;
				SWIFT_VERSION = 5.0;
				TARGETED_DEVICE_FAMILY = "1,2";
			};
			name = Debug;
		};
		EC532A4A2E2DF68F0019BF18 /* Release */ = {
			isa = XCBuildConfiguration;
			buildSettings = {
				ASSETCATALOG_COMPILER_APPICON_NAME = AppIcon;
				ASSETCATALOG_COMPILER_GLOBAL_ACCENT_COLOR_NAME = AccentColor;
				CODE_SIGN_STYLE = Automatic;
				CURRENT_PROJECT_VERSION = 1;
				GENERATE_INFOPLIST_FILE = YES;
				INFOPLIST_FILE = tabBar/Info.plist;
				INFOPLIST_KEY_UIApplicationSupportsIndirectInputEvents = YES;
				INFOPLIST_KEY_UILaunchStoryboardName = LaunchScreen;
				INFOPLIST_KEY_UIMainStoryboardFile = Main;
				INFOPLIST_KEY_UISupportedInterfaceOrientations_iPad = "UIInterfaceOrientationPortrait UIInterfaceOrientationPortraitUpsideDown UIInterfaceOrientationLandscapeLeft UIInterfaceOrientationLandscapeRight";
				INFOPLIST_KEY_UISupportedInterfaceOrientations_iPhone = "UIInterfaceOrientationPortrait UIInterfaceOrientationLandscapeLeft UIInterfaceOrientationLandscapeRight";
				LD_RUNPATH_SEARCH_PATHS = (
					"$(inherited)",
					"@executable_path/Frameworks",
				);
				MARKETING_VERSION = 1.0;
				PRODUCT_BUNDLE_IDENTIFIER = gurleen.tabBar;
				PRODUCT_NAME = "$(TARGET_NAME)";
				SWIFT_EMIT_LOC_STRINGS = YES;
				SWIFT_VERSION = 5.0;
				TARGETED_DEVICE_FAMILY = "1,2";
			};
			name = Release;
		};
		EC532A4B2E2DF68F0019BF18 /* Debug */ = {
			isa = XCBuildConfiguration;
			buildSettings = {
				ALWAYS_SEARCH_USER_PATHS = NO;
				ASSETCATALOG_COMPILER_GENERATE_SWIFT_ASSET_SYMBOL_EXTENSIONS = YES;
				CLANG_ANALYZER_NONNULL = YES;
				CLANG_ANALYZER_NUMBER_OBJECT_CONVERSION = YES_AGGRESSIVE;
				CLANG_CXX_LANGUAGE_STANDARD = "gnu++20";
				CLANG_ENABLE_MODULES = YES;
				CLANG_ENABLE_OBJC_ARC = YES;
				CLANG_ENABLE_OBJC_WEAK = YES;
				CLANG_WARN_BLOCK_CAPTURE_AUTORELEASING = YES;
				CLANG_WARN_BOOL_CONVERSION = YES;
				CLANG_WARN_COMMA = YES;
				CLANG_WARN_CONSTANT_CONVERSION = YES;
				CLANG_WARN_DEPRECATED_OBJC_IMPLEMENTATIONS = YES;
				CLANG_WARN_DIRECT_OBJC_ISA_USAGE = YES_ERROR;
				CLANG_WARN_DOCUMENTATION_COMMENTS = YES;
				CLANG_WARN_EMPTY_BODY = YES;
				CLANG_WARN_ENUM_CONVERSION = YES;
				CLANG_WARN_INFINITE_RECURSION = YES;
				CLANG_WARN_INT_CONVERSION = YES;
				CLANG_WARN_NON_LITERAL_NULL_CONVERSION = YES;
				CLANG_WARN_OBJC_IMPLICIT_RETAIN_SELF = YES;
				CLANG_WARN_OBJC_LITERAL_CONVERSION = YES;
				CLANG_WARN_OBJC_ROOT_CLASS = YES_ERROR;
				CLANG_WARN_QUOTED_INCLUDE_IN_FRAMEWORK_HEADER = YES;
				CLANG_WARN_RANGE_LOOP_ANALYSIS = YES;
				CLANG_WARN_STRICT_PROTOTYPES = YES;
				CLANG_WARN_SUSPICIOUS_MOVE = YES;
				CLANG_WARN_UNGUARDED_AVAILABILITY = YES_AGGRESSIVE;
				CLANG_WARN_UNREACHABLE_CODE = YES;
				CLANG_WARN__DUPLICATE_METHOD_MATCH = YES;
				COPY_PHASE_STRIP = NO;
				DEBUG_INFORMATION_FORMAT = dwarf;
				ENABLE_STRICT_OBJC_MSGSEND = YES;
				ENABLE_TESTABILITY = YES;
				ENABLE_USER_SCRIPT_SANDBOXING = YES;
				GCC_C_LANGUAGE_STANDARD = gnu17;
				GCC_DYNAMIC_NO_PIC = NO;
				GCC_NO_COMMON_BLOCKS = YES;
				GCC_OPTIMIZATION_LEVEL = 0;
				GCC_PREPROCESSOR_DEFINITIONS = (
					"DEBUG=1",
					"$(inherited)",
				);
				GCC_WARN_64_TO_32_BIT_CONVERSION = YES;
				GCC_WARN_ABOUT_RETURN_TYPE = YES_ERROR;
				GCC_WARN_UNDECLARED_SELECTOR = YES;
				GCC_WARN_UNINITIALIZED_AUTOS = YES_AGGRESSIVE;
				GCC_WARN_UNUSED_FUNCTION = YES;
				GCC_WARN_UNUSED_VARIABLE = YES;
				IPHONEOS_DEPLOYMENT_TARGET = 18.5;
				LOCALIZATION_PREFERS_STRING_CATALOGS = YES;
				MTL_ENABLE_DEBUG_INFO = INCLUDE_SOURCE;
				MTL_FAST_MATH = YES;
				ONLY_ACTIVE_ARCH = YES;
				SDKROOT = iphoneos;
				SWIFT_ACTIVE_COMPILATION_CONDITIONS = "DEBUG $(inherited)";
				SWIFT_OPTIMIZATION_LEVEL = "-Onone";
			};
			name = Debug;
		};
		EC532A4C2E2DF68F0019BF18 /* Release */ = {
			isa = XCBuildConfiguration;
			buildSettings = {
				ALWAYS_SEARCH_USER_PATHS = NO;
				ASSETCATALOG_COMPILER_GENERATE_SWIFT_ASSET_SYMBOL_EXTENSIONS = YES;
				CLANG_ANALYZER_NONNULL = YES;
				CLANG_ANALYZER_NUMBER_OBJECT_CONVERSION = YES_AGGRESSIVE;
				CLANG_CXX_LANGUAGE_STANDARD = "gnu++20";
				CLANG_ENABLE_MODULES = YES;
				CLANG_ENABLE_OBJC_ARC = YES;
				CLANG_ENABLE_OBJC_WEAK = YES;
				CLANG_WARN_BLOCK_CAPTURE_AUTORELEASING = YES;
				CLANG_WARN_BOOL_CONVERSION = YES;
				CLANG_WARN_COMMA = YES;
				CLANG_WARN_CONSTANT_CONVERSION = YES;
				CLANG_WARN_DEPRECATED_OBJC_IMPLEMENTATIONS = YES;
				CLANG_WARN_DIRECT_OBJC_ISA_USAGE = YES_ERROR;
				CLANG_WARN_DOCUMENTATION_COMMENTS = YES;
				CLANG_WARN_EMPTY_BODY = YES;
				CLANG_WARN_ENUM_CONVERSION = YES;
				CLANG_WARN_INFINITE_RECURSION = YES;
				CLANG_WARN_INT_CONVERSION = YES;
				CLANG_WARN_NON_LITERAL_NULL_CONVERSION = YES;
				CLANG_WARN_OBJC_IMPLICIT_RETAIN_SELF = YES;
				CLANG_WARN_OBJC_LITERAL_CONVERSION = YES;
				CLANG_WARN_OBJC_ROOT_CLASS = YES_ERROR;
				CLANG_WARN_QUOTED_INCLUDE_IN_FRAMEWORK_HEADER = YES;
				CLANG_WARN_RANGE_LOOP_ANALYSIS = YES;
				CLANG_WARN_STRICT_PROTOTYPES = YES;
				CLANG_WARN_SUSPICIOUS_MOVE = YES;
				CLANG_WARN_UNGUARDED_AVAILABILITY = YES_AGGRESSIVE;
				CLANG_WARN_UNREACHABLE_CODE = YES;
				CLANG_WARN__DUPLICATE_METHOD_MATCH = YES;
				COPY_PHASE_STRIP = NO;
				DEBUG_INFORMATION_FORMAT = "dwarf-with-dsym";
				ENABLE_NS_ASSERTIONS = NO;
				ENABLE_STRICT_OBJC_MSGSEND = YES;
				ENABLE_USER_SCRIPT_SANDBOXING = YES;
				GCC_C_LANGUAGE_STANDARD = gnu17;
				GCC_NO_COMMON_BLOCKS = YES;
				GCC_WARN_64_TO_32_BIT_CONVERSION = YES;
				GCC_WARN_ABOUT_RETURN_TYPE = YES_ERROR;
				GCC_WARN_UNDECLARED_SELECTOR = YES;
				GCC_WARN_UNINITIALIZED_AUTOS = YES_AGGRESSIVE;
				GCC_WARN_UNUSED_FUNCTION = YES;
				GCC_WARN_UNUSED_VARIABLE = YES;
				IPHONEOS_DEPLOYMENT_TARGET = 18.5;
				LOCALIZATION_PREFERS_STRING_CATALOGS = YES;
				MTL_ENABLE_DEBUG_INFO = NO;
				MTL_FAST_MATH = YES;
				SDKROOT = iphoneos;
				SWIFT_COMPILATION_MODE = wholemodule;
				VALIDATE_PRODUCT = YES;
			};
			name = Release;
		};
		EC532A4E2E2DF68F0019BF18 /* Debug */ = {
			isa = XCBuildConfiguration;
			buildSettings = {
				BUNDLE_LOADER = "$(TEST_HOST)";
				CODE_SIGN_STYLE = Automatic;
				CURRENT_PROJECT_VERSION = 1;
				GENERATE_INFOPLIST_FILE = YES;
				IPHONEOS_DEPLOYMENT_TARGET = 18.5;
				MARKETING_VERSION = 1.0;
				PRODUCT_BUNDLE_IDENTIFIER = gurleen.tabBarTests;
				PRODUCT_NAME = "$(TARGET_NAME)";
				SWIFT_EMIT_LOC_STRINGS = NO;
				SWIFT_VERSION = 5.0;
				TARGETED_DEVICE_FAMILY = "1,2";
				TEST_HOST = "$(BUILT_PRODUCTS_DIR)/tabBar.app/$(BUNDLE_EXECUTABLE_FOLDER_PATH)/tabBar";
			};
			name = Debug;
		};
		EC532A4F2E2DF68F0019BF18 /* Release */ = {
			isa = XCBuildConfiguration;
			buildSettings = {
				BUNDLE_LOADER = "$(TEST_HOST)";
				CODE_SIGN_STYLE = Automatic;
				CURRENT_PROJECT_VERSION = 1;
				GENERATE_INFOPLIST_FILE = YES;
				IPHONEOS_DEPLOYMENT_TARGET = 18.5;
				MARKETING_VERSION = 1.0;
				PRODUCT_BUNDLE_IDENTIFIER = gurleen.tabBarTests;
				PRODUCT_NAME = "$(TARGET_NAME)";
				SWIFT_EMIT_LOC_STRINGS = NO;
				SWIFT_VERSION = 5.0;
				TARGETED_DEVICE_FAMILY = "1,2";
				TEST_HOST = "$(BUILT_PRODUCTS_DIR)/tabBar.app/$(BUNDLE_EXECUTABLE_FOLDER_PATH)/tabBar";
			};
			name = Release;
		};
		EC532A512E2DF68F0019BF18 /* Debug */ = {
			isa = XCBuildConfiguration;
			buildSettings = {
				CODE_SIGN_STYLE = Automatic;
				CURRENT_PROJECT_VERSION = 1;
				GENERATE_INFOPLIST_FILE = YES;
				MARKETING_VERSION = 1.0;
				PRODUCT_BUNDLE_IDENTIFIER = gurleen.tabBarUITests;
				PRODUCT_NAME = "$(TARGET_NAME)";
				SWIFT_EMIT_LOC_STRINGS = NO;
				SWIFT_VERSION = 5.0;
				TARGETED_DEVICE_FAMILY = "1,2";
				TEST_TARGET_NAME = tabBar;
			};
			name = Debug;
		};
		EC532A522E2DF68F0019BF18 /* Release */ = {
			isa = XCBuildConfiguration;
			buildSettings = {
				CODE_SIGN_STYLE = Automatic;
				CURRENT_PROJECT_VERSION = 1;
				GENERATE_INFOPLIST_FILE = YES;
				MARKETING_VERSION = 1.0;
				PRODUCT_BUNDLE_IDENTIFIER = gurleen.tabBarUITests;
				PRODUCT_NAME = "$(TARGET_NAME)";
				SWIFT_EMIT_LOC_STRINGS = NO;
				SWIFT_VERSION = 5.0;
				TARGETED_DEVICE_FAMILY = "1,2";
				TEST_TARGET_NAME = tabBar;
			};
			name = Release;
		};
/* End XCBuildConfiguration section */

/* Begin XCConfigurationList section */
		EC532A1A2E2DF68E0019BF18 /* Build configuration list for PBXProject "tabBar" */ = {
			isa = XCConfigurationList;
			buildConfigurations = (
				EC532A4B2E2DF68F0019BF18 /* Debug */,
				EC532A4C2E2DF68F0019BF18 /* Release */,
			);
			defaultConfigurationIsVisible = 0;
			defaultConfigurationName = Release;
		};
		EC532A482E2DF68F0019BF18 /* Build configuration list for PBXNativeTarget "tabBar" */ = {
			isa = XCConfigurationList;
			buildConfigurations = (
				EC532A492E2DF68F0019BF18 /* Debug */,
				EC532A4A2E2DF68F0019BF18 /* Release */,
			);
			defaultConfigurationIsVisible = 0;
			defaultConfigurationName = Release;
		};
		EC532A4D2E2DF68F0019BF18 /* Build configuration list for PBXNativeTarget "tabBarTests" */ = {
			isa = XCConfigurationList;
			buildConfigurations = (
				EC532A4E2E2DF68F0019BF18 /* Debug */,
				EC532A4F2E2DF68F0019BF18 /* Release */,
			);
			defaultConfigurationIsVisible = 0;
			defaultConfigurationName = Release;
		};
		EC532A502E2DF68F0019BF18 /* Build configuration list for PBXNativeTarget "tabBarUITests" */ = {
			isa = XCConfigurationList;
			buildConfigurations = (
				EC532A512E2DF68F0019BF18 /* Debug */,
				EC532A522E2DF68F0019BF18 /* Release */,
			);
			defaultConfigurationIsVisible = 0;
			defaultConfigurationName = Release;
		};
/* End XCConfigurationList section */
	};
	rootObject = EC532A172E2DF68E0019BF18 /* Project object */;
}
